
Microsoft Visual Studio Solution File, Format Version 12.00
# Visual Studio Version 16
VisualStudioVersion = 16.0.33214.272
MinimumVisualStudioVersion = 10.0.40219.1
Project("{FAE04EC0-301F-11D3-BF4B-00C04F79EFBC}") = "students", "students\students.csproj", "{B46AC942-41C5-46A4-99C9-46CC6CBE7B3A}"
EndProject
Global
	GlobalSection(SolutionConfigurationPlatforms) = preSolution
		Debug|Any CPU = Debug|Any CPU
		Release|Any CPU = Release|Any CPU
	EndGlobalSection
	GlobalSection(ProjectConfigurationPlatforms) = postSolution
		{B46AC942-41C5-46A4-99C9-46CC6CBE7B3A}.Debug|Any CPU.ActiveCfg = Debug|Any CPU
		{B46AC942-41C5-46A4-99C9-46CC6CBE7B3A}.Debug|Any CPU.Build.0 = Debug|Any CPU
		{B46AC942-41C5-46A4-99C9-46CC6CBE7B3A}.Release|Any CPU.ActiveCfg = Release|Any CPU
		{B46AC942-41C5-46A4-99C9-46CC6CBE7B3A}.Release|Any CPU.Build.0 = Release|Any CPU
	EndGlobalSection
	GlobalSection(SolutionProperties) = preSolution
		HideSolutionNode = FALSE
	EndGlobalSection
	GlobalSection(ExtensibilityGlobals) = postSolution
		SolutionGuid = {A791F19C-7356-4FCD-BCD9-460E43854654}
	EndGlobalSection
EndGlobal
