
Microsoft Visual Studio Solution File, Format Version 12.00
# Visual Studio Version 17
VisualStudioVersion = 17.3.32929.385
MinimumVisualStudioVersion = 10.0.40219.1
Project("{FAE04EC0-301F-11D3-BF4B-00C04F79EFBC}") = "MoreMethods", "MoreMethods.csproj", "{2CDB28F5-B857-4244-891D-79E6A71203B9}"
EndProject
Global
	GlobalSection(SolutionConfigurationPlatforms) = preSolution
		Debug|Any CPU = Debug|Any CPU
		Release|Any CPU = Release|Any CPU
	EndGlobalSection
	GlobalSection(ProjectConfigurationPlatforms) = postSolution
		{2CDB28F5-B857-4244-891D-79E6A71203B9}.Debug|Any CPU.ActiveCfg = Debug|Any CPU
		{2CDB28F5-B857-4244-891D-79E6A71203B9}.Debug|Any CPU.Build.0 = Debug|Any CPU
		{2CDB28F5-B857-4244-891D-79E6A71203B9}.Release|Any CPU.ActiveCfg = Release|Any CPU
		{2CDB28F5-B857-4244-891D-79E6A71203B9}.Release|Any CPU.Build.0 = Release|Any CPU
	EndGlobalSection
	GlobalSection(SolutionProperties) = preSolution
		HideSolutionNode = FALSE
	EndGlobalSection
	GlobalSection(ExtensibilityGlobals) = postSolution
		SolutionGuid = {ABE09CAC-16AB-4CDD-B26F-56342DE727DB}
	EndGlobalSection
EndGlobal
